// !$*UTF8*$!
{
	archiveVersion = 1;
	classes = {
	};
	objectVersion = 56;
	objects = {

/* Begin PBXBuildFile section */
		7E77D50B2981596900E38475 /* AppDelegate.swift in Sources */ = {isa = PBXBuildFile; fileRef = 7E77D50A2981596900E38475 /* AppDelegate.swift */; };
		7E77D50D2981596900E38475 /* SceneDelegate.swift in Sources */ = {isa = PBXBuildFile; fileRef = 7E77D50C2981596900E38475 /* SceneDelegate.swift */; };
		7E77D50F2981596900E38475 /* ViewController.swift in Sources */ = {isa = PBXBuildFile; fileRef = 7E77D50E2981596900E38475 /* ViewController.swift */; };
		7E77D5122981596900E38475 /* Main.storyboard in Resources */ = {isa = PBXBuildFile; fileRef = 7E77D5102981596900E38475 /* Main.storyboard */; };
		7E77D5142981596A00E38475 /* Assets.xcassets in Resources */ = {isa = PBXBuildFile; fileRef = 7E77D5132981596A00E38475 /* Assets.xcassets */; };
		7E77D5172981596A00E38475 /* LaunchScreen.storyboard in Resources */ = {isa = PBXBuildFile; fileRef = 7E77D5152981596A00E38475 /* LaunchScreen.storyboard */; };
		7E77D53B29815AEA00E38475 /* FeedImageDataLoaderWithFallbackComposite.swift in Sources */ = {isa = PBXBuildFile; fileRef = 7E77D53A29815AEA00E38475 /* FeedImageDataLoaderWithFallbackComposite.swift */; };
		7E77D53D29815B0500E38475 /* FeedLoaderWithFallbackComposite.swift in Sources */ = {isa = PBXBuildFile; fileRef = 7E77D53C29815B0500E38475 /* FeedLoaderWithFallbackComposite.swift */; };
		7E77D53F29815B1300E38475 /* FeedImageDataLoaderCacheDecorator.swift in Sources */ = {isa = PBXBuildFile; fileRef = 7E77D53E29815B1300E38475 /* FeedImageDataLoaderCacheDecorator.swift */; };
		7E77D54129815B2300E38475 /* FeedLoaderCacheDecorator.swift in Sources */ = {isa = PBXBuildFile; fileRef = 7E77D54029815B2300E38475 /* FeedLoaderCacheDecorator.swift */; };
		7E77D54729815B8600E38475 /* Feed_Project_iOS.framework in Frameworks */ = {isa = PBXBuildFile; fileRef = 7E77D54529815B8600E38475 /* Feed_Project_iOS.framework */; };
		7E77D54829815B8600E38475 /* Feed_Project_iOS.framework in Embed Frameworks */ = {isa = PBXBuildFile; fileRef = 7E77D54529815B8600E38475 /* Feed_Project_iOS.framework */; settings = {ATTRIBUTES = (CodeSignOnCopy, RemoveHeadersOnCopy, ); }; };
		7E77D54929815B8600E38475 /* Feed_Project.framework in Frameworks */ = {isa = PBXBuildFile; fileRef = 7E77D54629815B8600E38475 /* Feed_Project.framework */; };
		7E77D54A29815B8600E38475 /* Feed_Project.framework in Embed Frameworks */ = {isa = PBXBuildFile; fileRef = 7E77D54629815B8600E38475 /* Feed_Project.framework */; settings = {ATTRIBUTES = (CodeSignOnCopy, RemoveHeadersOnCopy, ); }; };
		7E77D54F29815F4B00E38475 /* FeedImageDataLoaderCacheDecoratorTests.swift in Sources */ = {isa = PBXBuildFile; fileRef = 7E77D54E29815F4A00E38475 /* FeedImageDataLoaderCacheDecoratorTests.swift */; };
		7E77D55129815F5800E38475 /* FeedImageDataLoaderWithFallbackCompositeTests.swift in Sources */ = {isa = PBXBuildFile; fileRef = 7E77D55029815F5800E38475 /* FeedImageDataLoaderWithFallbackCompositeTests.swift */; };
		7E77D55329815F6600E38475 /* FeedLoaderCacheDecoratorTests.swift in Sources */ = {isa = PBXBuildFile; fileRef = 7E77D55229815F6600E38475 /* FeedLoaderCacheDecoratorTests.swift */; };
		7E77D55529815F7200E38475 /* FeedLoaderWithFallbackCompositeTests.swift in Sources */ = {isa = PBXBuildFile; fileRef = 7E77D55429815F7200E38475 /* FeedLoaderWithFallbackCompositeTests.swift */; };
		7E77D5582981600A00E38475 /* FeedImageDataLoaderSpy.swift in Sources */ = {isa = PBXBuildFile; fileRef = 7E77D5572981600A00E38475 /* FeedImageDataLoaderSpy.swift */; };
		7E77D55A2981601E00E38475 /* FeedLoaderStub.swift in Sources */ = {isa = PBXBuildFile; fileRef = 7E77D5592981601E00E38475 /* FeedLoaderStub.swift */; };
		7E77D55C2981603D00E38475 /* SharedTestHelpers.swift in Sources */ = {isa = PBXBuildFile; fileRef = 7E77D55B2981603D00E38475 /* SharedTestHelpers.swift */; };
		7E77D55E2981605100E38475 /* XCTestCase+FeedImageDataLoader.swift in Sources */ = {isa = PBXBuildFile; fileRef = 7E77D55D2981605100E38475 /* XCTestCase+FeedImageDataLoader.swift */; };
		7E77D5602981606C00E38475 /* XCTestCase+FeedLoader.swift in Sources */ = {isa = PBXBuildFile; fileRef = 7E77D55F2981606C00E38475 /* XCTestCase+FeedLoader.swift */; };
		7E77D5622981609700E38475 /* XCTestCase+MemoryLeakTracking.swift in Sources */ = {isa = PBXBuildFile; fileRef = 7E77D5612981609700E38475 /* XCTestCase+MemoryLeakTracking.swift */; };
		7E77D56429816C3000E38475 /* SceneDelegateTests.swift in Sources */ = {isa = PBXBuildFile; fileRef = 7E77D56329816C3000E38475 /* SceneDelegateTests.swift */; };
		7E77D57729816DD100E38475 /* FeedImageDataLoaderPresentationAdapter.swift in Sources */ = {isa = PBXBuildFile; fileRef = 7E77D57129816DD000E38475 /* FeedImageDataLoaderPresentationAdapter.swift */; };
		7E77D57829816DD100E38475 /* FeedUIComposer.swift in Sources */ = {isa = PBXBuildFile; fileRef = 7E77D57229816DD000E38475 /* FeedUIComposer.swift */; };
		7E77D57929816DD100E38475 /* MainQueueDispatchDecorator.swift in Sources */ = {isa = PBXBuildFile; fileRef = 7E77D57329816DD000E38475 /* MainQueueDispatchDecorator.swift */; };
		7E77D57A29816DD100E38475 /* WeakRefVirtualProxy.swift in Sources */ = {isa = PBXBuildFile; fileRef = 7E77D57429816DD100E38475 /* WeakRefVirtualProxy.swift */; };
		7E77D57B29816DD100E38475 /* FeedLoaderPresentationAdapter.swift in Sources */ = {isa = PBXBuildFile; fileRef = 7E77D57529816DD100E38475 /* FeedLoaderPresentationAdapter.swift */; };
		7E77D57C29816DD100E38475 /* FeedViewAdapter.swift in Sources */ = {isa = PBXBuildFile; fileRef = 7E77D57629816DD100E38475 /* FeedViewAdapter.swift */; };
		7E77D58629816E5A00E38475 /* FeedViewControllerTests+LoaderSpy.swift in Sources */ = {isa = PBXBuildFile; fileRef = 7E77D57D29816E5900E38475 /* FeedViewControllerTests+LoaderSpy.swift */; };
		7E77D58729816E5A00E38475 /* FeedViewControllerTests+Assertions.swift in Sources */ = {isa = PBXBuildFile; fileRef = 7E77D57E29816E5900E38475 /* FeedViewControllerTests+Assertions.swift */; };
		7E77D58829816E5A00E38475 /* UIImage+TestHelpers.swift in Sources */ = {isa = PBXBuildFile; fileRef = 7E77D57F29816E5900E38475 /* UIImage+TestHelpers.swift */; };
		7E77D58929816E5A00E38475 /* UIButton+TestHelpers.swift in Sources */ = {isa = PBXBuildFile; fileRef = 7E77D58029816E5900E38475 /* UIButton+TestHelpers.swift */; };
		7E77D58A29816E5A00E38475 /* FeedUIIntegrationTests+Localization.swift in Sources */ = {isa = PBXBuildFile; fileRef = 7E77D58129816E5900E38475 /* FeedUIIntegrationTests+Localization.swift */; };
		7E77D58B29816E5A00E38475 /* FeedViewController+TestHelpers.swift in Sources */ = {isa = PBXBuildFile; fileRef = 7E77D58229816E5A00E38475 /* FeedViewController+TestHelpers.swift */; };
		7E77D58C29816E5A00E38475 /* UIControl+TestHelpers.swift in Sources */ = {isa = PBXBuildFile; fileRef = 7E77D58329816E5A00E38475 /* UIControl+TestHelpers.swift */; };
		7E77D58D29816E5A00E38475 /* FeedImageCell+TestHelpers.swift in Sources */ = {isa = PBXBuildFile; fileRef = 7E77D58429816E5A00E38475 /* FeedImageCell+TestHelpers.swift */; };
		7E77D58E29816E5A00E38475 /* UIRefreshControl+TestHelpers.swift in Sources */ = {isa = PBXBuildFile; fileRef = 7E77D58529816E5A00E38475 /* UIRefreshControl+TestHelpers.swift */; };
		7E77D59029816E6E00E38475 /* FeedUIIntegrationTests.swift in Sources */ = {isa = PBXBuildFile; fileRef = 7E77D58F29816E6E00E38475 /* FeedUIIntegrationTests.swift */; };
		7E77D5922981703700E38475 /* FeedAcceptanceTests.swift in Sources */ = {isa = PBXBuildFile; fileRef = 7E77D5912981703700E38475 /* FeedAcceptanceTests.swift */; };
		7E77D5942981726400E38475 /* HttpClientStub.swift in Sources */ = {isa = PBXBuildFile; fileRef = 7E77D5932981726400E38475 /* HttpClientStub.swift */; };
		7E77D5962981729400E38475 /* InMemoryFeedStore.swift in Sources */ = {isa = PBXBuildFile; fileRef = 7E77D5952981729400E38475 /* InMemoryFeedStore.swift */; };
/* End PBXBuildFile section */

/* Begin PBXContainerItemProxy section */
		7E77D51E2981596B00E38475 /* PBXContainerItemProxy */ = {
			isa = PBXContainerItemProxy;
			containerPortal = 7E77D4FF2981596900E38475 /* Project object */;
			proxyType = 1;
			remoteGlobalIDString = 7E77D5062981596900E38475;
			remoteInfo = EssentialApplication;
		};
/* End PBXContainerItemProxy section */

/* Begin PBXCopyFilesBuildPhase section */
		7E77D54B29815B8700E38475 /* Embed Frameworks */ = {
			isa = PBXCopyFilesBuildPhase;
			buildActionMask = 2147483647;
			dstPath = "";
			dstSubfolderSpec = 10;
			files = (
				7E77D54A29815B8600E38475 /* Feed_Project.framework in Embed Frameworks */,
				7E77D54829815B8600E38475 /* Feed_Project_iOS.framework in Embed Frameworks */,
			);
			name = "Embed Frameworks";
			runOnlyForDeploymentPostprocessing = 0;
		};
/* End PBXCopyFilesBuildPhase section */

/* Begin PBXFileReference section */
		7E77D5072981596900E38475 /* EssentialApplication.app */ = {isa = PBXFileReference; explicitFileType = wrapper.application; includeInIndex = 0; path = EssentialApplication.app; sourceTree = BUILT_PRODUCTS_DIR; };
		7E77D50A2981596900E38475 /* AppDelegate.swift */ = {isa = PBXFileReference; lastKnownFileType = sourcecode.swift; path = AppDelegate.swift; sourceTree = "<group>"; };
		7E77D50C2981596900E38475 /* SceneDelegate.swift */ = {isa = PBXFileReference; lastKnownFileType = sourcecode.swift; path = SceneDelegate.swift; sourceTree = "<group>"; };
		7E77D50E2981596900E38475 /* ViewController.swift */ = {isa = PBXFileReference; lastKnownFileType = sourcecode.swift; path = ViewController.swift; sourceTree = "<group>"; };
		7E77D5112981596900E38475 /* Base */ = {isa = PBXFileReference; lastKnownFileType = file.storyboard; name = Base; path = Base.lproj/Main.storyboard; sourceTree = "<group>"; };
		7E77D5132981596A00E38475 /* Assets.xcassets */ = {isa = PBXFileReference; lastKnownFileType = folder.assetcatalog; path = Assets.xcassets; sourceTree = "<group>"; };
		7E77D5162981596A00E38475 /* Base */ = {isa = PBXFileReference; lastKnownFileType = file.storyboard; name = Base; path = Base.lproj/LaunchScreen.storyboard; sourceTree = "<group>"; };
		7E77D5182981596A00E38475 /* Info.plist */ = {isa = PBXFileReference; lastKnownFileType = text.plist.xml; path = Info.plist; sourceTree = "<group>"; };
		7E77D51D2981596B00E38475 /* EssentialApplicationTests.xctest */ = {isa = PBXFileReference; explicitFileType = wrapper.cfbundle; includeInIndex = 0; path = EssentialApplicationTests.xctest; sourceTree = BUILT_PRODUCTS_DIR; };
		7E77D53A29815AEA00E38475 /* FeedImageDataLoaderWithFallbackComposite.swift */ = {isa = PBXFileReference; lastKnownFileType = sourcecode.swift; path = FeedImageDataLoaderWithFallbackComposite.swift; sourceTree = "<group>"; };
		7E77D53C29815B0500E38475 /* FeedLoaderWithFallbackComposite.swift */ = {isa = PBXFileReference; lastKnownFileType = sourcecode.swift; path = FeedLoaderWithFallbackComposite.swift; sourceTree = "<group>"; };
		7E77D53E29815B1300E38475 /* FeedImageDataLoaderCacheDecorator.swift */ = {isa = PBXFileReference; lastKnownFileType = sourcecode.swift; path = FeedImageDataLoaderCacheDecorator.swift; sourceTree = "<group>"; };
		7E77D54029815B2300E38475 /* FeedLoaderCacheDecorator.swift */ = {isa = PBXFileReference; lastKnownFileType = sourcecode.swift; path = FeedLoaderCacheDecorator.swift; sourceTree = "<group>"; };
		7E77D54529815B8600E38475 /* Feed_Project_iOS.framework */ = {isa = PBXFileReference; explicitFileType = wrapper.framework; path = Feed_Project_iOS.framework; sourceTree = BUILT_PRODUCTS_DIR; };
		7E77D54629815B8600E38475 /* Feed_Project.framework */ = {isa = PBXFileReference; explicitFileType = wrapper.framework; path = Feed_Project.framework; sourceTree = BUILT_PRODUCTS_DIR; };
		7E77D54E29815F4A00E38475 /* FeedImageDataLoaderCacheDecoratorTests.swift */ = {isa = PBXFileReference; lastKnownFileType = sourcecode.swift; path = FeedImageDataLoaderCacheDecoratorTests.swift; sourceTree = "<group>"; };
		7E77D55029815F5800E38475 /* FeedImageDataLoaderWithFallbackCompositeTests.swift */ = {isa = PBXFileReference; lastKnownFileType = sourcecode.swift; path = FeedImageDataLoaderWithFallbackCompositeTests.swift; sourceTree = "<group>"; };
		7E77D55229815F6600E38475 /* FeedLoaderCacheDecoratorTests.swift */ = {isa = PBXFileReference; lastKnownFileType = sourcecode.swift; path = FeedLoaderCacheDecoratorTests.swift; sourceTree = "<group>"; };
		7E77D55429815F7200E38475 /* FeedLoaderWithFallbackCompositeTests.swift */ = {isa = PBXFileReference; lastKnownFileType = sourcecode.swift; path = FeedLoaderWithFallbackCompositeTests.swift; sourceTree = "<group>"; };
		7E77D5572981600A00E38475 /* FeedImageDataLoaderSpy.swift */ = {isa = PBXFileReference; lastKnownFileType = sourcecode.swift; path = FeedImageDataLoaderSpy.swift; sourceTree = "<group>"; };
		7E77D5592981601E00E38475 /* FeedLoaderStub.swift */ = {isa = PBXFileReference; lastKnownFileType = sourcecode.swift; path = FeedLoaderStub.swift; sourceTree = "<group>"; };
		7E77D55B2981603D00E38475 /* SharedTestHelpers.swift */ = {isa = PBXFileReference; lastKnownFileType = sourcecode.swift; path = SharedTestHelpers.swift; sourceTree = "<group>"; };
		7E77D55D2981605100E38475 /* XCTestCase+FeedImageDataLoader.swift */ = {isa = PBXFileReference; lastKnownFileType = sourcecode.swift; path = "XCTestCase+FeedImageDataLoader.swift"; sourceTree = "<group>"; };
		7E77D55F2981606C00E38475 /* XCTestCase+FeedLoader.swift */ = {isa = PBXFileReference; lastKnownFileType = sourcecode.swift; path = "XCTestCase+FeedLoader.swift"; sourceTree = "<group>"; };
		7E77D5612981609700E38475 /* XCTestCase+MemoryLeakTracking.swift */ = {isa = PBXFileReference; lastKnownFileType = sourcecode.swift; path = "XCTestCase+MemoryLeakTracking.swift"; sourceTree = "<group>"; };
		7E77D56329816C3000E38475 /* SceneDelegateTests.swift */ = {isa = PBXFileReference; lastKnownFileType = sourcecode.swift; path = SceneDelegateTests.swift; sourceTree = "<group>"; };
		7E77D57129816DD000E38475 /* FeedImageDataLoaderPresentationAdapter.swift */ = {isa = PBXFileReference; fileEncoding = 4; lastKnownFileType = sourcecode.swift; path = FeedImageDataLoaderPresentationAdapter.swift; sourceTree = "<group>"; };
		7E77D57229816DD000E38475 /* FeedUIComposer.swift */ = {isa = PBXFileReference; fileEncoding = 4; lastKnownFileType = sourcecode.swift; path = FeedUIComposer.swift; sourceTree = "<group>"; };
		7E77D57329816DD000E38475 /* MainQueueDispatchDecorator.swift */ = {isa = PBXFileReference; fileEncoding = 4; lastKnownFileType = sourcecode.swift; path = MainQueueDispatchDecorator.swift; sourceTree = "<group>"; };
		7E77D57429816DD100E38475 /* WeakRefVirtualProxy.swift */ = {isa = PBXFileReference; fileEncoding = 4; lastKnownFileType = sourcecode.swift; path = WeakRefVirtualProxy.swift; sourceTree = "<group>"; };
		7E77D57529816DD100E38475 /* FeedLoaderPresentationAdapter.swift */ = {isa = PBXFileReference; fileEncoding = 4; lastKnownFileType = sourcecode.swift; path = FeedLoaderPresentationAdapter.swift; sourceTree = "<group>"; };
		7E77D57629816DD100E38475 /* FeedViewAdapter.swift */ = {isa = PBXFileReference; fileEncoding = 4; lastKnownFileType = sourcecode.swift; path = FeedViewAdapter.swift; sourceTree = "<group>"; };
		7E77D57D29816E5900E38475 /* FeedViewControllerTests+LoaderSpy.swift */ = {isa = PBXFileReference; fileEncoding = 4; lastKnownFileType = sourcecode.swift; path = "FeedViewControllerTests+LoaderSpy.swift"; sourceTree = "<group>"; };
		7E77D57E29816E5900E38475 /* FeedViewControllerTests+Assertions.swift */ = {isa = PBXFileReference; fileEncoding = 4; lastKnownFileType = sourcecode.swift; path = "FeedViewControllerTests+Assertions.swift"; sourceTree = "<group>"; };
		7E77D57F29816E5900E38475 /* UIImage+TestHelpers.swift */ = {isa = PBXFileReference; fileEncoding = 4; lastKnownFileType = sourcecode.swift; path = "UIImage+TestHelpers.swift"; sourceTree = "<group>"; };
		7E77D58029816E5900E38475 /* UIButton+TestHelpers.swift */ = {isa = PBXFileReference; fileEncoding = 4; lastKnownFileType = sourcecode.swift; path = "UIButton+TestHelpers.swift"; sourceTree = "<group>"; };
		7E77D58129816E5900E38475 /* FeedUIIntegrationTests+Localization.swift */ = {isa = PBXFileReference; fileEncoding = 4; lastKnownFileType = sourcecode.swift; path = "FeedUIIntegrationTests+Localization.swift"; sourceTree = "<group>"; };
		7E77D58229816E5A00E38475 /* FeedViewController+TestHelpers.swift */ = {isa = PBXFileReference; fileEncoding = 4; lastKnownFileType = sourcecode.swift; path = "FeedViewController+TestHelpers.swift"; sourceTree = "<group>"; };
		7E77D58329816E5A00E38475 /* UIControl+TestHelpers.swift */ = {isa = PBXFileReference; fileEncoding = 4; lastKnownFileType = sourcecode.swift; path = "UIControl+TestHelpers.swift"; sourceTree = "<group>"; };
		7E77D58429816E5A00E38475 /* FeedImageCell+TestHelpers.swift */ = {isa = PBXFileReference; fileEncoding = 4; lastKnownFileType = sourcecode.swift; path = "FeedImageCell+TestHelpers.swift"; sourceTree = "<group>"; };
		7E77D58529816E5A00E38475 /* UIRefreshControl+TestHelpers.swift */ = {isa = PBXFileReference; fileEncoding = 4; lastKnownFileType = sourcecode.swift; path = "UIRefreshControl+TestHelpers.swift"; sourceTree = "<group>"; };
		7E77D58F29816E6E00E38475 /* FeedUIIntegrationTests.swift */ = {isa = PBXFileReference; fileEncoding = 4; lastKnownFileType = sourcecode.swift; path = FeedUIIntegrationTests.swift; sourceTree = "<group>"; };
		7E77D5912981703700E38475 /* FeedAcceptanceTests.swift */ = {isa = PBXFileReference; lastKnownFileType = sourcecode.swift; path = FeedAcceptanceTests.swift; sourceTree = "<group>"; };
		7E77D5932981726400E38475 /* HttpClientStub.swift */ = {isa = PBXFileReference; lastKnownFileType = sourcecode.swift; path = HttpClientStub.swift; sourceTree = "<group>"; };
		7E77D5952981729400E38475 /* InMemoryFeedStore.swift */ = {isa = PBXFileReference; lastKnownFileType = sourcecode.swift; path = InMemoryFeedStore.swift; sourceTree = "<group>"; };
/* End PBXFileReference section */

/* Begin PBXFrameworksBuildPhase section */
		7E77D5042981596900E38475 /* Frameworks */ = {
			isa = PBXFrameworksBuildPhase;
			buildActionMask = 2147483647;
			files = (
				7E77D54929815B8600E38475 /* Feed_Project.framework in Frameworks */,
				7E77D54729815B8600E38475 /* Feed_Project_iOS.framework in Frameworks */,
			);
			runOnlyForDeploymentPostprocessing = 0;
		};
		7E77D51A2981596B00E38475 /* Frameworks */ = {
			isa = PBXFrameworksBuildPhase;
			buildActionMask = 2147483647;
			files = (
			);
			runOnlyForDeploymentPostprocessing = 0;
		};
/* End PBXFrameworksBuildPhase section */

/* Begin PBXGroup section */
		7E77D4FE2981596900E38475 = {
			isa = PBXGroup;
			children = (
				7E77D5092981596900E38475 /* EssentialApplication */,
				7E77D5202981596B00E38475 /* EssentialApplicationTests */,
				7E77D5082981596900E38475 /* Products */,
				7E77D54429815B8600E38475 /* Frameworks */,
			);
			sourceTree = "<group>";
		};
		7E77D5082981596900E38475 /* Products */ = {
			isa = PBXGroup;
			children = (
				7E77D5072981596900E38475 /* EssentialApplication.app */,
				7E77D51D2981596B00E38475 /* EssentialApplicationTests.xctest */,
			);
			name = Products;
			sourceTree = "<group>";
		};
		7E77D5092981596900E38475 /* EssentialApplication */ = {
			isa = PBXGroup;
			children = (
				7E77D50A2981596900E38475 /* AppDelegate.swift */,
				7E77D50C2981596900E38475 /* SceneDelegate.swift */,
				7E77D50E2981596900E38475 /* ViewController.swift */,
				7E77D5102981596900E38475 /* Main.storyboard */,
				7E77D5132981596A00E38475 /* Assets.xcassets */,
				7E77D5152981596A00E38475 /* LaunchScreen.storyboard */,
				7E77D5182981596A00E38475 /* Info.plist */,
				7E77D53A29815AEA00E38475 /* FeedImageDataLoaderWithFallbackComposite.swift */,
				7E77D53C29815B0500E38475 /* FeedLoaderWithFallbackComposite.swift */,
				7E77D53E29815B1300E38475 /* FeedImageDataLoaderCacheDecorator.swift */,
				7E77D54029815B2300E38475 /* FeedLoaderCacheDecorator.swift */,
				7E77D57129816DD000E38475 /* FeedImageDataLoaderPresentationAdapter.swift */,
				7E77D57529816DD100E38475 /* FeedLoaderPresentationAdapter.swift */,
				7E77D57229816DD000E38475 /* FeedUIComposer.swift */,
				7E77D57629816DD100E38475 /* FeedViewAdapter.swift */,
				7E77D57329816DD000E38475 /* MainQueueDispatchDecorator.swift */,
				7E77D57429816DD100E38475 /* WeakRefVirtualProxy.swift */,
			);
			path = EssentialApplication;
			sourceTree = "<group>";
		};
		7E77D5202981596B00E38475 /* EssentialApplicationTests */ = {
			isa = PBXGroup;
			children = (
				7E77D58F29816E6E00E38475 /* FeedUIIntegrationTests.swift */,
				7E77D54E29815F4A00E38475 /* FeedImageDataLoaderCacheDecoratorTests.swift */,
				7E77D55029815F5800E38475 /* FeedImageDataLoaderWithFallbackCompositeTests.swift */,
				7E77D55229815F6600E38475 /* FeedLoaderCacheDecoratorTests.swift */,
				7E77D55429815F7200E38475 /* FeedLoaderWithFallbackCompositeTests.swift */,
				7E77D56329816C3000E38475 /* SceneDelegateTests.swift */,
				7E77D5912981703700E38475 /* FeedAcceptanceTests.swift */,
				7E77D55629815F7600E38475 /* Helpers */,
			);
			path = EssentialApplicationTests;
			sourceTree = "<group>";
		};
		7E77D54429815B8600E38475 /* Frameworks */ = {
			isa = PBXGroup;
			children = (
				7E77D54529815B8600E38475 /* Feed_Project_iOS.framework */,
				7E77D54629815B8600E38475 /* Feed_Project.framework */,
			);
			name = Frameworks;
			sourceTree = "<group>";
		};
		7E77D55629815F7600E38475 /* Helpers */ = {
			isa = PBXGroup;
			children = (
				7E77D58429816E5A00E38475 /* FeedImageCell+TestHelpers.swift */,
				7E77D58229816E5A00E38475 /* FeedViewController+TestHelpers.swift */,
				7E77D57E29816E5900E38475 /* FeedViewControllerTests+Assertions.swift */,
				7E77D57D29816E5900E38475 /* FeedViewControllerTests+LoaderSpy.swift */,
				7E77D58129816E5900E38475 /* FeedUIIntegrationTests+Localization.swift */,
				7E77D58029816E5900E38475 /* UIButton+TestHelpers.swift */,
				7E77D58329816E5A00E38475 /* UIControl+TestHelpers.swift */,
				7E77D57F29816E5900E38475 /* UIImage+TestHelpers.swift */,
				7E77D58529816E5A00E38475 /* UIRefreshControl+TestHelpers.swift */,
				7E77D5572981600A00E38475 /* FeedImageDataLoaderSpy.swift */,
				7E77D5592981601E00E38475 /* FeedLoaderStub.swift */,
				7E77D55B2981603D00E38475 /* SharedTestHelpers.swift */,
				7E77D55D2981605100E38475 /* XCTestCase+FeedImageDataLoader.swift */,
				7E77D55F2981606C00E38475 /* XCTestCase+FeedLoader.swift */,
				7E77D5612981609700E38475 /* XCTestCase+MemoryLeakTracking.swift */,
				7E77D5932981726400E38475 /* HttpClientStub.swift */,
				7E77D5952981729400E38475 /* InMemoryFeedStore.swift */,
			);
			path = Helpers;
			sourceTree = "<group>";
		};
/* End PBXGroup section */

/* Begin PBXNativeTarget section */
		7E77D5062981596900E38475 /* EssentialApplication */ = {
			isa = PBXNativeTarget;
			buildConfigurationList = 7E77D5312981596B00E38475 /* Build configuration list for PBXNativeTarget "EssentialApplication" */;
			buildPhases = (
				7E77D5032981596900E38475 /* Sources */,
				7E77D5042981596900E38475 /* Frameworks */,
				7E77D5052981596900E38475 /* Resources */,
				7E77D54B29815B8700E38475 /* Embed Frameworks */,
			);
			buildRules = (
			);
			dependencies = (
			);
			name = EssentialApplication;
			productName = EssentialApplication;
			productReference = 7E77D5072981596900E38475 /* EssentialApplication.app */;
			productType = "com.apple.product-type.application";
		};
		7E77D51C2981596B00E38475 /* EssentialApplicationTests */ = {
			isa = PBXNativeTarget;
			buildConfigurationList = 7E77D5342981596B00E38475 /* Build configuration list for PBXNativeTarget "EssentialApplicationTests" */;
			buildPhases = (
				7E77D5192981596B00E38475 /* Sources */,
				7E77D51A2981596B00E38475 /* Frameworks */,
				7E77D51B2981596B00E38475 /* Resources */,
			);
			buildRules = (
			);
			dependencies = (
				7E77D51F2981596B00E38475 /* PBXTargetDependency */,
			);
			name = EssentialApplicationTests;
			productName = EssentialApplicationTests;
			productReference = 7E77D51D2981596B00E38475 /* EssentialApplicationTests.xctest */;
			productType = "com.apple.product-type.bundle.unit-test";
		};
/* End PBXNativeTarget section */

/* Begin PBXProject section */
		7E77D4FF2981596900E38475 /* Project object */ = {
			isa = PBXProject;
			attributes = {
				BuildIndependentTargetsInParallel = 1;
				LastSwiftUpdateCheck = 1420;
				LastUpgradeCheck = 1420;
				TargetAttributes = {
					7E77D5062981596900E38475 = {
						CreatedOnToolsVersion = 14.2;
					};
					7E77D51C2981596B00E38475 = {
						CreatedOnToolsVersion = 14.2;
						LastSwiftMigration = 1420;
						TestTargetID = 7E77D5062981596900E38475;
					};
				};
			};
			buildConfigurationList = 7E77D5022981596900E38475 /* Build configuration list for PBXProject "EssentialApplication" */;
			compatibilityVersion = "Xcode 14.0";
			developmentRegion = en;
			hasScannedForEncodings = 0;
			knownRegions = (
				en,
				Base,
			);
			mainGroup = 7E77D4FE2981596900E38475;
			productRefGroup = 7E77D5082981596900E38475 /* Products */;
			projectDirPath = "";
			projectRoot = "";
			targets = (
				7E77D5062981596900E38475 /* EssentialApplication */,
				7E77D51C2981596B00E38475 /* EssentialApplicationTests */,
			);
		};
/* End PBXProject section */

/* Begin PBXResourcesBuildPhase section */
		7E77D5052981596900E38475 /* Resources */ = {
			isa = PBXResourcesBuildPhase;
			buildActionMask = 2147483647;
			files = (
				7E77D5172981596A00E38475 /* LaunchScreen.storyboard in Resources */,
				7E77D5142981596A00E38475 /* Assets.xcassets in Resources */,
				7E77D5122981596900E38475 /* Main.storyboard in Resources */,
			);
			runOnlyForDeploymentPostprocessing = 0;
		};
		7E77D51B2981596B00E38475 /* Resources */ = {
			isa = PBXResourcesBuildPhase;
			buildActionMask = 2147483647;
			files = (
			);
			runOnlyForDeploymentPostprocessing = 0;
		};
/* End PBXResourcesBuildPhase section */

/* Begin PBXSourcesBuildPhase section */
		7E77D5032981596900E38475 /* Sources */ = {
			isa = PBXSourcesBuildPhase;
			buildActionMask = 2147483647;
			files = (
				7E77D57C29816DD100E38475 /* FeedViewAdapter.swift in Sources */,
				7E77D57929816DD100E38475 /* MainQueueDispatchDecorator.swift in Sources */,
				7E77D53B29815AEA00E38475 /* FeedImageDataLoaderWithFallbackComposite.swift in Sources */,
				7E77D50F2981596900E38475 /* ViewController.swift in Sources */,
				7E77D53D29815B0500E38475 /* FeedLoaderWithFallbackComposite.swift in Sources */,
				7E77D53F29815B1300E38475 /* FeedImageDataLoaderCacheDecorator.swift in Sources */,
				7E77D50B2981596900E38475 /* AppDelegate.swift in Sources */,
				7E77D57729816DD100E38475 /* FeedImageDataLoaderPresentationAdapter.swift in Sources */,
				7E77D50D2981596900E38475 /* SceneDelegate.swift in Sources */,
				7E77D57B29816DD100E38475 /* FeedLoaderPresentationAdapter.swift in Sources */,
				7E77D54129815B2300E38475 /* FeedLoaderCacheDecorator.swift in Sources */,
				7E77D57A29816DD100E38475 /* WeakRefVirtualProxy.swift in Sources */,
				7E77D57829816DD100E38475 /* FeedUIComposer.swift in Sources */,
			);
			runOnlyForDeploymentPostprocessing = 0;
		};
		7E77D5192981596B00E38475 /* Sources */ = {
			isa = PBXSourcesBuildPhase;
			buildActionMask = 2147483647;
			files = (
				7E77D58729816E5A00E38475 /* FeedViewControllerTests+Assertions.swift in Sources */,
				7E77D58E29816E5A00E38475 /* UIRefreshControl+TestHelpers.swift in Sources */,
				7E77D58A29816E5A00E38475 /* FeedUIIntegrationTests+Localization.swift in Sources */,
				7E77D55129815F5800E38475 /* FeedImageDataLoaderWithFallbackCompositeTests.swift in Sources */,
				7E77D58B29816E5A00E38475 /* FeedViewController+TestHelpers.swift in Sources */,
				7E77D55E2981605100E38475 /* XCTestCase+FeedImageDataLoader.swift in Sources */,
				7E77D58829816E5A00E38475 /* UIImage+TestHelpers.swift in Sources */,
				7E77D54F29815F4B00E38475 /* FeedImageDataLoaderCacheDecoratorTests.swift in Sources */,
				7E77D5602981606C00E38475 /* XCTestCase+FeedLoader.swift in Sources */,
				7E77D56429816C3000E38475 /* SceneDelegateTests.swift in Sources */,
				7E77D58C29816E5A00E38475 /* UIControl+TestHelpers.swift in Sources */,
				7E77D5962981729400E38475 /* InMemoryFeedStore.swift in Sources */,
				7E77D55C2981603D00E38475 /* SharedTestHelpers.swift in Sources */,
				7E77D58D29816E5A00E38475 /* FeedImageCell+TestHelpers.swift in Sources */,
				7E77D5582981600A00E38475 /* FeedImageDataLoaderSpy.swift in Sources */,
				7E77D55529815F7200E38475 /* FeedLoaderWithFallbackCompositeTests.swift in Sources */,
				7E77D55A2981601E00E38475 /* FeedLoaderStub.swift in Sources */,
				7E77D58929816E5A00E38475 /* UIButton+TestHelpers.swift in Sources */,
				7E77D55329815F6600E38475 /* FeedLoaderCacheDecoratorTests.swift in Sources */,
				7E77D5922981703700E38475 /* FeedAcceptanceTests.swift in Sources */,
				7E77D58629816E5A00E38475 /* FeedViewControllerTests+LoaderSpy.swift in Sources */,
				7E77D5942981726400E38475 /* HttpClientStub.swift in Sources */,
				7E77D59029816E6E00E38475 /* FeedUIIntegrationTests.swift in Sources */,
				7E77D5622981609700E38475 /* XCTestCase+MemoryLeakTracking.swift in Sources */,
			);
			runOnlyForDeploymentPostprocessing = 0;
		};
/* End PBXSourcesBuildPhase section */

/* Begin PBXTargetDependency section */
		7E77D51F2981596B00E38475 /* PBXTargetDependency */ = {
			isa = PBXTargetDependency;
			target = 7E77D5062981596900E38475 /* EssentialApplication */;
			targetProxy = 7E77D51E2981596B00E38475 /* PBXContainerItemProxy */;
		};
/* End PBXTargetDependency section */

/* Begin PBXVariantGroup section */
		7E77D5102981596900E38475 /* Main.storyboard */ = {
			isa = PBXVariantGroup;
			children = (
				7E77D5112981596900E38475 /* Base */,
			);
			name = Main.storyboard;
			sourceTree = "<group>";
		};
		7E77D5152981596A00E38475 /* LaunchScreen.storyboard */ = {
			isa = PBXVariantGroup;
			children = (
				7E77D5162981596A00E38475 /* Base */,
			);
			name = LaunchScreen.storyboard;
			sourceTree = "<group>";
		};
/* End PBXVariantGroup section */

/* Begin XCBuildConfiguration section */
		7E77D52F2981596B00E38475 /* Debug */ = {
			isa = XCBuildConfiguration;
			buildSettings = {
				ALWAYS_SEARCH_USER_PATHS = NO;
				CLANG_ANALYZER_NONNULL = YES;
				CLANG_ANALYZER_NUMBER_OBJECT_CONVERSION = YES_AGGRESSIVE;
				CLANG_CXX_LANGUAGE_STANDARD = "gnu++20";
				CLANG_ENABLE_MODULES = YES;
				CLANG_ENABLE_OBJC_ARC = YES;
				CLANG_ENABLE_OBJC_WEAK = YES;
				CLANG_WARN_BLOCK_CAPTURE_AUTORELEASING = YES;
				CLANG_WARN_BOOL_CONVERSION = YES;
				CLANG_WARN_COMMA = YES;
				CLANG_WARN_CONSTANT_CONVERSION = YES;
				CLANG_WARN_DEPRECATED_OBJC_IMPLEMENTATIONS = YES;
				CLANG_WARN_DIRECT_OBJC_ISA_USAGE = YES_ERROR;
				CLANG_WARN_DOCUMENTATION_COMMENTS = YES;
				CLANG_WARN_EMPTY_BODY = YES;
				CLANG_WARN_ENUM_CONVERSION = YES;
				CLANG_WARN_INFINITE_RECURSION = YES;
				CLANG_WARN_INT_CONVERSION = YES;
				CLANG_WARN_NON_LITERAL_NULL_CONVERSION = YES;
				CLANG_WARN_OBJC_IMPLICIT_RETAIN_SELF = YES;
				CLANG_WARN_OBJC_LITERAL_CONVERSION = YES;
				CLANG_WARN_OBJC_ROOT_CLASS = YES_ERROR;
				CLANG_WARN_QUOTED_INCLUDE_IN_FRAMEWORK_HEADER = YES;
				CLANG_WARN_RANGE_LOOP_ANALYSIS = YES;
				CLANG_WARN_STRICT_PROTOTYPES = YES;
				CLANG_WARN_SUSPICIOUS_MOVE = YES;
				CLANG_WARN_UNGUARDED_AVAILABILITY = YES_AGGRESSIVE;
				CLANG_WARN_UNREACHABLE_CODE = YES;
				CLANG_WARN__DUPLICATE_METHOD_MATCH = YES;
				COPY_PHASE_STRIP = NO;
				DEBUG_INFORMATION_FORMAT = dwarf;
				ENABLE_STRICT_OBJC_MSGSEND = YES;
				ENABLE_TESTABILITY = YES;
				GCC_C_LANGUAGE_STANDARD = gnu11;
				GCC_DYNAMIC_NO_PIC = NO;
				GCC_NO_COMMON_BLOCKS = YES;
				GCC_OPTIMIZATION_LEVEL = 0;
				GCC_PREPROCESSOR_DEFINITIONS = (
					"DEBUG=1",
					"$(inherited)",
				);
				GCC_WARN_64_TO_32_BIT_CONVERSION = YES;
				GCC_WARN_ABOUT_RETURN_TYPE = YES_ERROR;
				GCC_WARN_UNDECLARED_SELECTOR = YES;
				GCC_WARN_UNINITIALIZED_AUTOS = YES_AGGRESSIVE;
				GCC_WARN_UNUSED_FUNCTION = YES;
				GCC_WARN_UNUSED_VARIABLE = YES;
				IPHONEOS_DEPLOYMENT_TARGET = 16.2;
				MTL_ENABLE_DEBUG_INFO = INCLUDE_SOURCE;
				MTL_FAST_MATH = YES;
				ONLY_ACTIVE_ARCH = YES;
				SDKROOT = iphoneos;
				SWIFT_ACTIVE_COMPILATION_CONDITIONS = DEBUG;
				SWIFT_OPTIMIZATION_LEVEL = "-Onone";
			};
			name = Debug;
		};
		7E77D5302981596B00E38475 /* Release */ = {
			isa = XCBuildConfiguration;
			buildSettings = {
				ALWAYS_SEARCH_USER_PATHS = NO;
				CLANG_ANALYZER_NONNULL = YES;
				CLANG_ANALYZER_NUMBER_OBJECT_CONVERSION = YES_AGGRESSIVE;
				CLANG_CXX_LANGUAGE_STANDARD = "gnu++20";
				CLANG_ENABLE_MODULES = YES;
				CLANG_ENABLE_OBJC_ARC = YES;
				CLANG_ENABLE_OBJC_WEAK = YES;
				CLANG_WARN_BLOCK_CAPTURE_AUTORELEASING = YES;
				CLANG_WARN_BOOL_CONVERSION = YES;
				CLANG_WARN_COMMA = YES;
				CLANG_WARN_CONSTANT_CONVERSION = YES;
				CLANG_WARN_DEPRECATED_OBJC_IMPLEMENTATIONS = YES;
				CLANG_WARN_DIRECT_OBJC_ISA_USAGE = YES_ERROR;
				CLANG_WARN_DOCUMENTATION_COMMENTS = YES;
				CLANG_WARN_EMPTY_BODY = YES;
				CLANG_WARN_ENUM_CONVERSION = YES;
				CLANG_WARN_INFINITE_RECURSION = YES;
				CLANG_WARN_INT_CONVERSION = YES;
				CLANG_WARN_NON_LITERAL_NULL_CONVERSION = YES;
				CLANG_WARN_OBJC_IMPLICIT_RETAIN_SELF = YES;
				CLANG_WARN_OBJC_LITERAL_CONVERSION = YES;
				CLANG_WARN_OBJC_ROOT_CLASS = YES_ERROR;
				CLANG_WARN_QUOTED_INCLUDE_IN_FRAMEWORK_HEADER = YES;
				CLANG_WARN_RANGE_LOOP_ANALYSIS = YES;
				CLANG_WARN_STRICT_PROTOTYPES = YES;
				CLANG_WARN_SUSPICIOUS_MOVE = YES;
				CLANG_WARN_UNGUARDED_AVAILABILITY = YES_AGGRESSIVE;
				CLANG_WARN_UNREACHABLE_CODE = YES;
				CLANG_WARN__DUPLICATE_METHOD_MATCH = YES;
				COPY_PHASE_STRIP = NO;
				DEBUG_INFORMATION_FORMAT = "dwarf-with-dsym";
				ENABLE_NS_ASSERTIONS = NO;
				ENABLE_STRICT_OBJC_MSGSEND = YES;
				GCC_C_LANGUAGE_STANDARD = gnu11;
				GCC_NO_COMMON_BLOCKS = YES;
				GCC_WARN_64_TO_32_BIT_CONVERSION = YES;
				GCC_WARN_ABOUT_RETURN_TYPE = YES_ERROR;
				GCC_WARN_UNDECLARED_SELECTOR = YES;
				GCC_WARN_UNINITIALIZED_AUTOS = YES_AGGRESSIVE;
				GCC_WARN_UNUSED_FUNCTION = YES;
				GCC_WARN_UNUSED_VARIABLE = YES;
				IPHONEOS_DEPLOYMENT_TARGET = 16.2;
				MTL_ENABLE_DEBUG_INFO = NO;
				MTL_FAST_MATH = YES;
				SDKROOT = iphoneos;
				SWIFT_COMPILATION_MODE = wholemodule;
				SWIFT_OPTIMIZATION_LEVEL = "-O";
				VALIDATE_PRODUCT = YES;
			};
			name = Release;
		};
		7E77D5322981596B00E38475 /* Debug */ = {
			isa = XCBuildConfiguration;
			buildSettings = {
				ASSETCATALOG_COMPILER_APPICON_NAME = AppIcon;
				ASSETCATALOG_COMPILER_GLOBAL_ACCENT_COLOR_NAME = AccentColor;
				CODE_SIGN_STYLE = Automatic;
				CURRENT_PROJECT_VERSION = 1;
				DEVELOPMENT_TEAM = 2V3D2X879V;
				GENERATE_INFOPLIST_FILE = YES;
				INFOPLIST_FILE = EssentialApplication/Info.plist;
				INFOPLIST_KEY_UIApplicationSupportsIndirectInputEvents = YES;
				INFOPLIST_KEY_UILaunchStoryboardName = LaunchScreen;
				INFOPLIST_KEY_UIMainStoryboardFile = Main;
				INFOPLIST_KEY_UISupportedInterfaceOrientations_iPad = "UIInterfaceOrientationPortrait UIInterfaceOrientationPortraitUpsideDown UIInterfaceOrientationLandscapeLeft UIInterfaceOrientationLandscapeRight";
				INFOPLIST_KEY_UISupportedInterfaceOrientations_iPhone = "UIInterfaceOrientationPortrait UIInterfaceOrientationLandscapeLeft UIInterfaceOrientationLandscapeRight";
				LD_RUNPATH_SEARCH_PATHS = (
					"$(inherited)",
					"@executable_path/Frameworks",
				);
				MARKETING_VERSION = 1.0;
				PRODUCT_BUNDLE_IDENTIFIER = com.vicchor.EssentialApplication;
				PRODUCT_NAME = "$(TARGET_NAME)";
				SWIFT_EMIT_LOC_STRINGS = YES;
				SWIFT_VERSION = 5.0;
				TARGETED_DEVICE_FAMILY = "1,2";
			};
			name = Debug;
		};
		7E77D5332981596B00E38475 /* Release */ = {
			isa = XCBuildConfiguration;
			buildSettings = {
				ASSETCATALOG_COMPILER_APPICON_NAME = AppIcon;
				ASSETCATALOG_COMPILER_GLOBAL_ACCENT_COLOR_NAME = AccentColor;
				CODE_SIGN_STYLE = Automatic;
				CURRENT_PROJECT_VERSION = 1;
				DEVELOPMENT_TEAM = 2V3D2X879V;
				GENERATE_INFOPLIST_FILE = YES;
				INFOPLIST_FILE = EssentialApplication/Info.plist;
				INFOPLIST_KEY_UIApplicationSupportsIndirectInputEvents = YES;
				INFOPLIST_KEY_UILaunchStoryboardName = LaunchScreen;
				INFOPLIST_KEY_UIMainStoryboardFile = Main;
				INFOPLIST_KEY_UISupportedInterfaceOrientations_iPad = "UIInterfaceOrientationPortrait UIInterfaceOrientationPortraitUpsideDown UIInterfaceOrientationLandscapeLeft UIInterfaceOrientationLandscapeRight";
				INFOPLIST_KEY_UISupportedInterfaceOrientations_iPhone = "UIInterfaceOrientationPortrait UIInterfaceOrientationLandscapeLeft UIInterfaceOrientationLandscapeRight";
				LD_RUNPATH_SEARCH_PATHS = (
					"$(inherited)",
					"@executable_path/Frameworks",
				);
				MARKETING_VERSION = 1.0;
				PRODUCT_BUNDLE_IDENTIFIER = com.vicchor.EssentialApplication;
				PRODUCT_NAME = "$(TARGET_NAME)";
				SWIFT_EMIT_LOC_STRINGS = YES;
				SWIFT_VERSION = 5.0;
				TARGETED_DEVICE_FAMILY = "1,2";
			};
			name = Release;
		};
		7E77D5352981596B00E38475 /* Debug */ = {
			isa = XCBuildConfiguration;
			buildSettings = {
				ALWAYS_EMBED_SWIFT_STANDARD_LIBRARIES = YES;
				BUNDLE_LOADER = "$(TEST_HOST)";
				CLANG_ENABLE_MODULES = YES;
				CODE_SIGN_STYLE = Automatic;
				CURRENT_PROJECT_VERSION = 1;
				DEVELOPMENT_TEAM = 2V3D2X879V;
				GENERATE_INFOPLIST_FILE = YES;
				IPHONEOS_DEPLOYMENT_TARGET = 16.2;
				LD_RUNPATH_SEARCH_PATHS = (
					"$(inherited)",
					"@executable_path/Frameworks",
					"@loader_path/Frameworks",
				);
				MARKETING_VERSION = 1.0;
				PRODUCT_BUNDLE_IDENTIFIER = com.vicchor.EssentialApplicationTests;
				PRODUCT_NAME = "$(TARGET_NAME)";
				SWIFT_EMIT_LOC_STRINGS = NO;
				SWIFT_OPTIMIZATION_LEVEL = "-Onone";
				SWIFT_VERSION = 5.0;
				TARGETED_DEVICE_FAMILY = "1,2";
				TEST_HOST = "$(BUILT_PRODUCTS_DIR)/EssentialApplication.app/$(BUNDLE_EXECUTABLE_FOLDER_PATH)/EssentialApplication";
			};
			name = Debug;
		};
		7E77D5362981596B00E38475 /* Release */ = {
			isa = XCBuildConfiguration;
			buildSettings = {
				ALWAYS_EMBED_SWIFT_STANDARD_LIBRARIES = YES;
				BUNDLE_LOADER = "$(TEST_HOST)";
				CLANG_ENABLE_MODULES = YES;
				CODE_SIGN_STYLE = Automatic;
				CURRENT_PROJECT_VERSION = 1;
				DEVELOPMENT_TEAM = 2V3D2X879V;
				GENERATE_INFOPLIST_FILE = YES;
				IPHONEOS_DEPLOYMENT_TARGET = 16.2;
				LD_RUNPATH_SEARCH_PATHS = (
					"$(inherited)",
					"@executable_path/Frameworks",
					"@loader_path/Frameworks",
				);
				MARKETING_VERSION = 1.0;
				PRODUCT_BUNDLE_IDENTIFIER = com.vicchor.EssentialApplicationTests;
				PRODUCT_NAME = "$(TARGET_NAME)";
				SWIFT_EMIT_LOC_STRINGS = NO;
				SWIFT_VERSION = 5.0;
				TARGETED_DEVICE_FAMILY = "1,2";
				TEST_HOST = "$(BUILT_PRODUCTS_DIR)/EssentialApplication.app/$(BUNDLE_EXECUTABLE_FOLDER_PATH)/EssentialApplication";
			};
			name = Release;
		};
/* End XCBuildConfiguration section */

/* Begin XCConfigurationList section */
		7E77D5022981596900E38475 /* Build configuration list for PBXProject "EssentialApplication" */ = {
			isa = XCConfigurationList;
			buildConfigurations = (
				7E77D52F2981596B00E38475 /* Debug */,
				7E77D5302981596B00E38475 /* Release */,
			);
			defaultConfigurationIsVisible = 0;
			defaultConfigurationName = Release;
		};
		7E77D5312981596B00E38475 /* Build configuration list for PBXNativeTarget "EssentialApplication" */ = {
			isa = XCConfigurationList;
			buildConfigurations = (
				7E77D5322981596B00E38475 /* Debug */,
				7E77D5332981596B00E38475 /* Release */,
			);
			defaultConfigurationIsVisible = 0;
			defaultConfigurationName = Release;
		};
		7E77D5342981596B00E38475 /* Build configuration list for PBXNativeTarget "EssentialApplicationTests" */ = {
			isa = XCConfigurationList;
			buildConfigurations = (
				7E77D5352981596B00E38475 /* Debug */,
				7E77D5362981596B00E38475 /* Release */,
			);
			defaultConfigurationIsVisible = 0;
			defaultConfigurationName = Release;
		};
/* End XCConfigurationList section */
	};
	rootObject = 7E77D4FF2981596900E38475 /* Project object */;
}
